
Microsoft Visual Studio Solution File, Format Version 12.00
# Visual Studio Version 17
VisualStudioVersion = 17.3.32929.385
MinimumVisualStudioVersion = 10.0.40219.1
Project("{FAE04EC0-301F-11D3-BF4B-00C04F79EFBC}") = "LogicalPrograms", "LogicalPrograms.csproj", "{AB499F63-8F4E-45FC-A9E7-21A3592D8503}"
EndProject
Global
	GlobalSection(SolutionConfigurationPlatforms) = preSolution
		Debug|Any CPU = Debug|Any CPU
		Release|Any CPU = Release|Any CPU
	EndGlobalSection
	GlobalSection(ProjectConfigurationPlatforms) = postSolution
		{AB499F63-8F4E-45FC-A9E7-21A3592D8503}.Debug|Any CPU.ActiveCfg = Debug|Any CPU
		{AB499F63-8F4E-45FC-A9E7-21A3592D8503}.Debug|Any CPU.Build.0 = Debug|Any CPU
		{AB499F63-8F4E-45FC-A9E7-21A3592D8503}.Release|Any CPU.ActiveCfg = Release|Any CPU
		{AB499F63-8F4E-45FC-A9E7-21A3592D8503}.Release|Any CPU.Build.0 = Release|Any CPU
	EndGlobalSection
	GlobalSection(SolutionProperties) = preSolution
		HideSolutionNode = FALSE
	EndGlobalSection
	GlobalSection(ExtensibilityGlobals) = postSolution
		SolutionGuid = {ABEB1872-4DC6-4648-A5EE-69C70F2FCBBF}
	EndGlobalSection
EndGlobal
